
Microsoft Visual Studio Solution File, Format Version 12.00
Project("{FAE04EC0-301F-11D3-BF4B-00C04F79EFBC}") = "VerticalSliceArchitecture", "src\VerticalSliceArchitecture\VerticalSliceArchitecture.csproj", "{8EB413BD-C5DF-49A5-A372-4AEAF4999952}"
EndProject
Project("{2150E333-8FDC-42A3-9474-1A3956D46DE8}") = "Solution Items", "Solution Items", "{7F35C213-4A69-4C5C-8A54-A8180D5DA8F3}"
	ProjectSection(SolutionItems) = preProject
		.gitignore = .gitignore
		global.json = global.json
		LICENSE = LICENSE
		README.md = README.md
		Directory.Build.props = Directory.Build.props
		Directory.Packages.props = Directory.Packages.props
		.editorconfig = .editorconfig
	EndProjectSection
EndProject
Project("{2150E333-8FDC-42A3-9474-1A3956D46DE8}") = "src", "src", "{92C5999C-A447-479E-8630-064E6FDC78DA}"
EndProject
Project("{2150E333-8FDC-42A3-9474-1A3956D46DE8}") = "tests", "tests", "{21C89A08-D942-45BE-A302-4EEB543573C0}"
EndProject
Project("{FAE04EC0-301F-11D3-BF4B-00C04F79EFBC}") = "VerticalSliceArchitecture.UnitTests", "tests\VerticalSliceArchitecture.UnitTests\VerticalSliceArchitecture.UnitTests.csproj", "{07A76FBE-083C-49AA-856E-0C1B95DEB7B2}"
EndProject
Project("{FAE04EC0-301F-11D3-BF4B-00C04F79EFBC}") = "VerticalSliceArchitecture.ArchitectureTests", "tests\VerticalSliceArchitecture.ArchitectureTests\VerticalSliceArchitecture.ArchitectureTests.csproj", "{C07689FD-DF63-46DB-B5C6-93B73CD72C5E}"
EndProject
Project("{2150E333-8FDC-42A3-9474-1A3956D46DE8}") = "tools", "tools", "{07C2787E-EAC7-C090-1BA3-A61EC2A24D84}"
EndProject
Project("{FAE04EC0-301F-11D3-BF4B-00C04F79EFBC}") = "AppHost", "tools\AppHost\AppHost.csproj", "{BBA00817-C86D-4284-953B-368713FA5F9B}"
EndProject
Project("{FAE04EC0-301F-11D3-BF4B-00C04F79EFBC}") = "MigrationService", "tools\MigrationService\MigrationService.csproj", "{077640F0-14AB-4270-A698-64B51734C320}"
EndProject
Project("{FAE04EC0-301F-11D3-BF4B-00C04F79EFBC}") = "ServiceDefaults", "src\ServiceDefaults\ServiceDefaults.csproj", "{FCE378CF-60DD-4987-BF27-7B719519EE37}"
EndProject
Project("{FAE04EC0-301F-11D3-BF4B-00C04F79EFBC}") = "VerticalSliceArchitecture.IntegrationTests", "tests\VerticalSliceArchitecture.IntegrationTests\VerticalSliceArchitecture.IntegrationTests.csproj", "{89ACCD4B-2358-459A-BE1A-7A9468AA8362}"
EndProject
Global
	GlobalSection(SolutionConfigurationPlatforms) = preSolution
		Debug|Any CPU = Debug|Any CPU
		Debug|x64 = Debug|x64
		Debug|x86 = Debug|x86
		Release|Any CPU = Release|Any CPU
		Release|x64 = Release|x64
		Release|x86 = Release|x86
	EndGlobalSection
	GlobalSection(ProjectConfigurationPlatforms) = postSolution
		{8EB413BD-C5DF-49A5-A372-4AEAF4999952}.Debug|Any CPU.ActiveCfg = Debug|Any CPU
		{8EB413BD-C5DF-49A5-A372-4AEAF4999952}.Debug|Any CPU.Build.0 = Debug|Any CPU
		{8EB413BD-C5DF-49A5-A372-4AEAF4999952}.Debug|x64.ActiveCfg = Debug|Any CPU
		{8EB413BD-C5DF-49A5-A372-4AEAF4999952}.Debug|x64.Build.0 = Debug|Any CPU
		{8EB413BD-C5DF-49A5-A372-4AEAF4999952}.Debug|x86.ActiveCfg = Debug|Any CPU
		{8EB413BD-C5DF-49A5-A372-4AEAF4999952}.Debug|x86.Build.0 = Debug|Any CPU
		{8EB413BD-C5DF-49A5-A372-4AEAF4999952}.Release|Any CPU.ActiveCfg = Release|Any CPU
		{8EB413BD-C5DF-49A5-A372-4AEAF4999952}.Release|Any CPU.Build.0 = Release|Any CPU
		{8EB413BD-C5DF-49A5-A372-4AEAF4999952}.Release|x64.ActiveCfg = Release|Any CPU
		{8EB413BD-C5DF-49A5-A372-4AEAF4999952}.Release|x64.Build.0 = Release|Any CPU
		{8EB413BD-C5DF-49A5-A372-4AEAF4999952}.Release|x86.ActiveCfg = Release|Any CPU
		{8EB413BD-C5DF-49A5-A372-4AEAF4999952}.Release|x86.Build.0 = Release|Any CPU
		{07A76FBE-083C-49AA-856E-0C1B95DEB7B2}.Debug|Any CPU.ActiveCfg = Debug|Any CPU
		{07A76FBE-083C-49AA-856E-0C1B95DEB7B2}.Debug|Any CPU.Build.0 = Debug|Any CPU
		{07A76FBE-083C-49AA-856E-0C1B95DEB7B2}.Debug|x64.ActiveCfg = Debug|Any CPU
		{07A76FBE-083C-49AA-856E-0C1B95DEB7B2}.Debug|x64.Build.0 = Debug|Any CPU
		{07A76FBE-083C-49AA-856E-0C1B95DEB7B2}.Debug|x86.ActiveCfg = Debug|Any CPU
		{07A76FBE-083C-49AA-856E-0C1B95DEB7B2}.Debug|x86.Build.0 = Debug|Any CPU
		{07A76FBE-083C-49AA-856E-0C1B95DEB7B2}.Release|Any CPU.ActiveCfg = Release|Any CPU
		{07A76FBE-083C-49AA-856E-0C1B95DEB7B2}.Release|Any CPU.Build.0 = Release|Any CPU
		{07A76FBE-083C-49AA-856E-0C1B95DEB7B2}.Release|x64.ActiveCfg = Release|Any CPU
		{07A76FBE-083C-49AA-856E-0C1B95DEB7B2}.Release|x64.Build.0 = Release|Any CPU
		{07A76FBE-083C-49AA-856E-0C1B95DEB7B2}.Release|x86.ActiveCfg = Release|Any CPU
		{07A76FBE-083C-49AA-856E-0C1B95DEB7B2}.Release|x86.Build.0 = Release|Any CPU
		{C07689FD-DF63-46DB-B5C6-93B73CD72C5E}.Debug|Any CPU.ActiveCfg = Debug|Any CPU
		{C07689FD-DF63-46DB-B5C6-93B73CD72C5E}.Debug|Any CPU.Build.0 = Debug|Any CPU
		{C07689FD-DF63-46DB-B5C6-93B73CD72C5E}.Debug|x64.ActiveCfg = Debug|Any CPU
		{C07689FD-DF63-46DB-B5C6-93B73CD72C5E}.Debug|x64.Build.0 = Debug|Any CPU
		{C07689FD-DF63-46DB-B5C6-93B73CD72C5E}.Debug|x86.ActiveCfg = Debug|Any CPU
		{C07689FD-DF63-46DB-B5C6-93B73CD72C5E}.Debug|x86.Build.0 = Debug|Any CPU
		{C07689FD-DF63-46DB-B5C6-93B73CD72C5E}.Release|Any CPU.ActiveCfg = Release|Any CPU
		{C07689FD-DF63-46DB-B5C6-93B73CD72C5E}.Release|Any CPU.Build.0 = Release|Any CPU
		{C07689FD-DF63-46DB-B5C6-93B73CD72C5E}.Release|x64.ActiveCfg = Release|Any CPU
		{C07689FD-DF63-46DB-B5C6-93B73CD72C5E}.Release|x64.Build.0 = Release|Any CPU
		{C07689FD-DF63-46DB-B5C6-93B73CD72C5E}.Release|x86.ActiveCfg = Release|Any CPU
		{C07689FD-DF63-46DB-B5C6-93B73CD72C5E}.Release|x86.Build.0 = Release|Any CPU
		{BBA00817-C86D-4284-953B-368713FA5F9B}.Debug|Any CPU.ActiveCfg = Debug|Any CPU
		{BBA00817-C86D-4284-953B-368713FA5F9B}.Debug|Any CPU.Build.0 = Debug|Any CPU
		{BBA00817-C86D-4284-953B-368713FA5F9B}.Debug|x64.ActiveCfg = Debug|Any CPU
		{BBA00817-C86D-4284-953B-368713FA5F9B}.Debug|x64.Build.0 = Debug|Any CPU
		{BBA00817-C86D-4284-953B-368713FA5F9B}.Debug|x86.ActiveCfg = Debug|Any CPU
		{BBA00817-C86D-4284-953B-368713FA5F9B}.Debug|x86.Build.0 = Debug|Any CPU
		{BBA00817-C86D-4284-953B-368713FA5F9B}.Release|Any CPU.ActiveCfg = Release|Any CPU
		{BBA00817-C86D-4284-953B-368713FA5F9B}.Release|Any CPU.Build.0 = Release|Any CPU
		{BBA00817-C86D-4284-953B-368713FA5F9B}.Release|x64.ActiveCfg = Release|Any CPU
		{BBA00817-C86D-4284-953B-368713FA5F9B}.Release|x64.Build.0 = Release|Any CPU
		{BBA00817-C86D-4284-953B-368713FA5F9B}.Release|x86.ActiveCfg = Release|Any CPU
		{BBA00817-C86D-4284-953B-368713FA5F9B}.Release|x86.Build.0 = Release|Any CPU
		{077640F0-14AB-4270-A698-64B51734C320}.Debug|Any CPU.ActiveCfg = Debug|Any CPU
		{077640F0-14AB-4270-A698-64B51734C320}.Debug|Any CPU.Build.0 = Debug|Any CPU
		{077640F0-14AB-4270-A698-64B51734C320}.Debug|x64.ActiveCfg = Debug|Any CPU
		{077640F0-14AB-4270-A698-64B51734C320}.Debug|x64.Build.0 = Debug|Any CPU
		{077640F0-14AB-4270-A698-64B51734C320}.Debug|x86.ActiveCfg = Debug|Any CPU
		{077640F0-14AB-4270-A698-64B51734C320}.Debug|x86.Build.0 = Debug|Any CPU
		{077640F0-14AB-4270-A698-64B51734C320}.Release|Any CPU.ActiveCfg = Release|Any CPU
		{077640F0-14AB-4270-A698-64B51734C320}.Release|Any CPU.Build.0 = Release|Any CPU
		{077640F0-14AB-4270-A698-64B51734C320}.Release|x64.ActiveCfg = Release|Any CPU
		{077640F0-14AB-4270-A698-64B51734C320}.Release|x64.Build.0 = Release|Any CPU
		{077640F0-14AB-4270-A698-64B51734C320}.Release|x86.ActiveCfg = Release|Any CPU
		{077640F0-14AB-4270-A698-64B51734C320}.Release|x86.Build.0 = Release|Any CPU
		{FCE378CF-60DD-4987-BF27-7B719519EE37}.Debug|Any CPU.ActiveCfg = Debug|Any CPU
		{FCE378CF-60DD-4987-BF27-7B719519EE37}.Debug|Any CPU.Build.0 = Debug|Any CPU
		{FCE378CF-60DD-4987-BF27-7B719519EE37}.Debug|x64.ActiveCfg = Debug|Any CPU
		{FCE378CF-60DD-4987-BF27-7B719519EE37}.Debug|x64.Build.0 = Debug|Any CPU
		{FCE378CF-60DD-4987-BF27-7B719519EE37}.Debug|x86.ActiveCfg = Debug|Any CPU
		{FCE378CF-60DD-4987-BF27-7B719519EE37}.Debug|x86.Build.0 = Debug|Any CPU
		{FCE378CF-60DD-4987-BF27-7B719519EE37}.Release|Any CPU.ActiveCfg = Release|Any CPU
		{FCE378CF-60DD-4987-BF27-7B719519EE37}.Release|Any CPU.Build.0 = Release|Any CPU
		{FCE378CF-60DD-4987-BF27-7B719519EE37}.Release|x64.ActiveCfg = Release|Any CPU
		{FCE378CF-60DD-4987-BF27-7B719519EE37}.Release|x64.Build.0 = Release|Any CPU
		{FCE378CF-60DD-4987-BF27-7B719519EE37}.Release|x86.ActiveCfg = Release|Any CPU
		{FCE378CF-60DD-4987-BF27-7B719519EE37}.Release|x86.Build.0 = Release|Any CPU
		{89ACCD4B-2358-459A-BE1A-7A9468AA8362}.Debug|Any CPU.ActiveCfg = Debug|Any CPU
		{89ACCD4B-2358-459A-BE1A-7A9468AA8362}.Debug|Any CPU.Build.0 = Debug|Any CPU
		{89ACCD4B-2358-459A-BE1A-7A9468AA8362}.Debug|x64.ActiveCfg = Debug|Any CPU
		{89ACCD4B-2358-459A-BE1A-7A9468AA8362}.Debug|x64.Build.0 = Debug|Any CPU
		{89ACCD4B-2358-459A-BE1A-7A9468AA8362}.Debug|x86.ActiveCfg = Debug|Any CPU
		{89ACCD4B-2358-459A-BE1A-7A9468AA8362}.Debug|x86.Build.0 = Debug|Any CPU
		{89ACCD4B-2358-459A-BE1A-7A9468AA8362}.Release|Any CPU.ActiveCfg = Release|Any CPU
		{89ACCD4B-2358-459A-BE1A-7A9468AA8362}.Release|Any CPU.Build.0 = Release|Any CPU
		{89ACCD4B-2358-459A-BE1A-7A9468AA8362}.Release|x64.ActiveCfg = Release|Any CPU
		{89ACCD4B-2358-459A-BE1A-7A9468AA8362}.Release|x64.Build.0 = Release|Any CPU
		{89ACCD4B-2358-459A-BE1A-7A9468AA8362}.Release|x86.ActiveCfg = Release|Any CPU
		{89ACCD4B-2358-459A-BE1A-7A9468AA8362}.Release|x86.Build.0 = Release|Any CPU
	EndGlobalSection
	GlobalSection(SolutionProperties) = preSolution
		HideSolutionNode = FALSE
	EndGlobalSection
	GlobalSection(NestedProjects) = preSolution
		{8EB413BD-C5DF-49A5-A372-4AEAF4999952} = {92C5999C-A447-479E-8630-064E6FDC78DA}
		{07A76FBE-083C-49AA-856E-0C1B95DEB7B2} = {21C89A08-D942-45BE-A302-4EEB543573C0}
		{C07689FD-DF63-46DB-B5C6-93B73CD72C5E} = {21C89A08-D942-45BE-A302-4EEB543573C0}
		{BBA00817-C86D-4284-953B-368713FA5F9B} = {07C2787E-EAC7-C090-1BA3-A61EC2A24D84}
		{077640F0-14AB-4270-A698-64B51734C320} = {07C2787E-EAC7-C090-1BA3-A61EC2A24D84}
		{FCE378CF-60DD-4987-BF27-7B719519EE37} = {92C5999C-A447-479E-8630-064E6FDC78DA}
		{89ACCD4B-2358-459A-BE1A-7A9468AA8362} = {21C89A08-D942-45BE-A302-4EEB543573C0}
	EndGlobalSection
EndGlobal
